// !$*UTF8*$!
{
	archiveVersion = 1;
	classes = {
	};
	objectVersion = 56;
	objects = {

/* Begin PBXBuildFile section */
		7103936D2A4255C800F0EA12 /* AppDelegate.swift in Sources */ = {isa = PBXBuildFile; fileRef = 7103936C2A4255C800F0EA12 /* AppDelegate.swift */; };
		7103936F2A4255C800F0EA12 /* SceneDelegate.swift in Sources */ = {isa = PBXBuildFile; fileRef = 7103936E2A4255C800F0EA12 /* SceneDelegate.swift */; };
		710393712A4255C800F0EA12 /* HomeScreenViewController.swift in Sources */ = {isa = PBXBuildFile; fileRef = 710393702A4255C800F0EA12 /* HomeScreenViewController.swift */; };
		710393742A4255C800F0EA12 /* Main.storyboard in Resources */ = {isa = PBXBuildFile; fileRef = 710393722A4255C800F0EA12 /* Main.storyboard */; };
		710393762A4255C900F0EA12 /* Assets.xcassets in Resources */ = {isa = PBXBuildFile; fileRef = 710393752A4255C900F0EA12 /* Assets.xcassets */; };
		710393792A4255C900F0EA12 /* LaunchScreen.storyboard in Resources */ = {isa = PBXBuildFile; fileRef = 710393772A4255C900F0EA12 /* LaunchScreen.storyboard */; };
		710393A42A42782C00F0EA12 /* city.list.json in Resources */ = {isa = PBXBuildFile; fileRef = 710393A32A42782C00F0EA12 /* city.list.json */; };
		710393A72A42788500F0EA12 /* WeatherData.swift in Sources */ = {isa = PBXBuildFile; fileRef = 710393A62A42788500F0EA12 /* WeatherData.swift */; };
		710393AA2A4278D900F0EA12 /* SearchEngine.swift in Sources */ = {isa = PBXBuildFile; fileRef = 710393A92A4278D900F0EA12 /* SearchEngine.swift */; };
		710393AD2A42795500F0EA12 /* String+Ext.swift in Sources */ = {isa = PBXBuildFile; fileRef = 710393AC2A42795500F0EA12 /* String+Ext.swift */; };
		710393AF2A4279D400F0EA12 /* JSONReader.swift in Sources */ = {isa = PBXBuildFile; fileRef = 710393AE2A4279D400F0EA12 /* JSONReader.swift */; };
		710393B12A427A0500F0EA12 /* URL+Ext.swift in Sources */ = {isa = PBXBuildFile; fileRef = 710393B02A427A0500F0EA12 /* URL+Ext.swift */; };
		710393B42A427A6000F0EA12 /* Logger.swift in Sources */ = {isa = PBXBuildFile; fileRef = 710393B32A427A6000F0EA12 /* Logger.swift */; };
		710393B62A427A9C00F0EA12 /* Date+Ext.swift in Sources */ = {isa = PBXBuildFile; fileRef = 710393B52A427A9C00F0EA12 /* Date+Ext.swift */; };
		710DE5202A4D4F1C0044E4B5 /* WeatherDetailsView.swift in Sources */ = {isa = PBXBuildFile; fileRef = 710DE51F2A4D4F1C0044E4B5 /* WeatherDetailsView.swift */; };
		71105E312A4D34C900C444EC /* NavigationBar.swift in Sources */ = {isa = PBXBuildFile; fileRef = 71105E302A4D34C900C444EC /* NavigationBar.swift */; };
		712158D22A4C69C800FA47F4 /* UIView+Ext.swift in Sources */ = {isa = PBXBuildFile; fileRef = 712158D12A4C69C800FA47F4 /* UIView+Ext.swift */; };
		7121FED62A4D2BF60019E6BB /* WeatherDetailsViewController.swift in Sources */ = {isa = PBXBuildFile; fileRef = 7121FED52A4D2BF60019E6BB /* WeatherDetailsViewController.swift */; };
		71320AC72A47CBE800A1A8E5 /* TextFieldDelegate.swift in Sources */ = {isa = PBXBuildFile; fileRef = 71320AC62A47CBE800A1A8E5 /* TextFieldDelegate.swift */; };
		71320ACA2A47CDC400A1A8E5 /* CityListViewModel.swift in Sources */ = {isa = PBXBuildFile; fileRef = 71320AC92A47CDC400A1A8E5 /* CityListViewModel.swift */; };
		71320ACC2A47D07000A1A8E5 /* Array+Ext.swift in Sources */ = {isa = PBXBuildFile; fileRef = 71320ACB2A47D07000A1A8E5 /* Array+Ext.swift */; };
		71349FA12A4D11F100989BCA /* Button.swift in Sources */ = {isa = PBXBuildFile; fileRef = 71349FA02A4D11F100989BCA /* Button.swift */; };
		714E2BF42A45DB650021F9A6 /* RecentsView.swift in Sources */ = {isa = PBXBuildFile; fileRef = 714E2BF32A45DB650021F9A6 /* RecentsView.swift */; };
		714E2BF72A45E1BC0021F9A6 /* Colors.swift in Sources */ = {isa = PBXBuildFile; fileRef = 714E2BF62A45E1BC0021F9A6 /* Colors.swift */; };
		714E2BFA2A45E9B40021F9A6 /* SearchTextField.swift in Sources */ = {isa = PBXBuildFile; fileRef = 714E2BF92A45E9B40021F9A6 /* SearchTextField.swift */; };
		714E2BFC2A45FB5B0021F9A6 /* FontSizes.swift in Sources */ = {isa = PBXBuildFile; fileRef = 714E2BFB2A45FB5B0021F9A6 /* FontSizes.swift */; };
		714E2BFE2A45FBAC0021F9A6 /* GlobalLayout.swift in Sources */ = {isa = PBXBuildFile; fileRef = 714E2BFD2A45FBAC0021F9A6 /* GlobalLayout.swift */; };
		714E2C012A4601400021F9A6 /* SafeAreaInsets.swift in Sources */ = {isa = PBXBuildFile; fileRef = 714E2C002A4601400021F9A6 /* SafeAreaInsets.swift */; };
		716E4F2F2A466D51000E1C63 /* SearchView.swift in Sources */ = {isa = PBXBuildFile; fileRef = 716E4F2E2A466D51000E1C63 /* SearchView.swift */; };
		717E5B412A49164700ABFBDA /* LocalStorage.swift in Sources */ = {isa = PBXBuildFile; fileRef = 717E5B402A49164700ABFBDA /* LocalStorage.swift */; };
		717E5B452A49178D00ABFBDA /* Strings.swift in Sources */ = {isa = PBXBuildFile; fileRef = 717E5B442A49178D00ABFBDA /* Strings.swift */; };
		7187274B2A43A30600B35135 /* DateTests.swift in Sources */ = {isa = PBXBuildFile; fileRef = 7187274A2A43A30600B35135 /* DateTests.swift */; };
		7187274F2A43A71A00B35135 /* StringTests.swift in Sources */ = {isa = PBXBuildFile; fileRef = 7187274E2A43A71A00B35135 /* StringTests.swift */; };
		718727512A43A9C200B35135 /* URLTests.swift in Sources */ = {isa = PBXBuildFile; fileRef = 718727502A43A9C200B35135 /* URLTests.swift */; };
		718727552A43AB2D00B35135 /* JSONReaderTests.swift in Sources */ = {isa = PBXBuildFile; fileRef = 718727542A43AB2D00B35135 /* JSONReaderTests.swift */; };
		718727592A43B89A00B35135 /* SearchEngineTests.swift in Sources */ = {isa = PBXBuildFile; fileRef = 718727582A43B89A00B35135 /* SearchEngineTests.swift */; };
		71917E412A4A6FD400435960 /* WeatherConditions.swift in Sources */ = {isa = PBXBuildFile; fileRef = 71917E402A4A6FD400435960 /* WeatherConditions.swift */; };
		71968A462A4A934700537A60 /* TimeOfDay.swift in Sources */ = {isa = PBXBuildFile; fileRef = 71968A452A4A934700537A60 /* TimeOfDay.swift */; };
		71968A482A4AB2A400537A60 /* WeatherAPI.swift in Sources */ = {isa = PBXBuildFile; fileRef = 71968A472A4AB2A400537A60 /* WeatherAPI.swift */; };
		719950052A4ABC1A0070ADD7 /* City.swift in Sources */ = {isa = PBXBuildFile; fileRef = 719950042A4ABC1A0070ADD7 /* City.swift */; };
		719950072A4B63FC0070ADD7 /* Endpoints.swift in Sources */ = {isa = PBXBuildFile; fileRef = 719950062A4B63FC0070ADD7 /* Endpoints.swift */; };
		719950092A4B65F90070ADD7 /* URLSession+Ext.swift in Sources */ = {isa = PBXBuildFile; fileRef = 719950082A4B65F90070ADD7 /* URLSession+Ext.swift */; };
		719950112A4BA1E10070ADD7 /* TimeOfDayTests.swift in Sources */ = {isa = PBXBuildFile; fileRef = 719950102A4BA1E10070ADD7 /* TimeOfDayTests.swift */; };
		719CBFFD2A4D547F002E383E /* WeatherDetailsViewModel.swift in Sources */ = {isa = PBXBuildFile; fileRef = 719CBFFC2A4D547F002E383E /* WeatherDetailsViewModel.swift */; };
		71DA20C72A4BA7870057DD64 /* WeatherConditionsTests.swift in Sources */ = {isa = PBXBuildFile; fileRef = 71DA20C62A4BA7870057DD64 /* WeatherConditionsTests.swift */; };
		71DA20CD2A4BAE880057DD64 /* WeatherAPITests.swift in Sources */ = {isa = PBXBuildFile; fileRef = 71DA20CC2A4BAE880057DD64 /* WeatherAPITests.swift */; };
		71DA20D02A4BC9730057DD64 /* LocalStorageTests.swift in Sources */ = {isa = PBXBuildFile; fileRef = 71DA20CF2A4BC9730057DD64 /* LocalStorageTests.swift */; };
		71DAC9A32A4A3B8F0019EFDF /* CityViewModel.swift in Sources */ = {isa = PBXBuildFile; fileRef = 71DAC9A22A4A3B8F0019EFDF /* CityViewModel.swift */; };
		71E69D3B2A4E504700EF09D7 /* TemperatureViewModel.swift in Sources */ = {isa = PBXBuildFile; fileRef = 71E69D3A2A4E504700EF09D7 /* TemperatureViewModel.swift */; };
		71EBABB92A4C8C290055D088 /* ErrorView.swift in Sources */ = {isa = PBXBuildFile; fileRef = 71EBABB82A4C8C290055D088 /* ErrorView.swift */; };
		71F482222A4F38AA00F096F3 /* CancelButton.swift in Sources */ = {isa = PBXBuildFile; fileRef = 71F482212A4F38AA00F096F3 /* CancelButton.swift */; };
		71F482242A4F5C6000F096F3 /* UIActivityIndicatorViewStyle+Ext.swift in Sources */ = {isa = PBXBuildFile; fileRef = 71F482232A4F5C6000F096F3 /* UIActivityIndicatorViewStyle+Ext.swift */; };
		AC1B7C62988A8208376046BE /* Pods_WeatherDemo.framework in Frameworks */ = {isa = PBXBuildFile; fileRef = BA82FF22F854A521919C6702 /* Pods_WeatherDemo.framework */; };
/* End PBXBuildFile section */

/* Begin PBXContainerItemProxy section */
		718727452A43A2B100B35135 /* PBXContainerItemProxy */ = {
			isa = PBXContainerItemProxy;
			containerPortal = 710393612A4255C800F0EA12 /* Project object */;
			proxyType = 1;
			remoteGlobalIDString = 710393682A4255C800F0EA12;
			remoteInfo = WeatherDemo;
		};
/* End PBXContainerItemProxy section */

/* Begin PBXFileReference section */
		710393692A4255C800F0EA12 /* WeatherDemo.app */ = {isa = PBXFileReference; explicitFileType = wrapper.application; includeInIndex = 0; path = WeatherDemo.app; sourceTree = BUILT_PRODUCTS_DIR; };
		7103936C2A4255C800F0EA12 /* AppDelegate.swift */ = {isa = PBXFileReference; lastKnownFileType = sourcecode.swift; path = AppDelegate.swift; sourceTree = "<group>"; };
		7103936E2A4255C800F0EA12 /* SceneDelegate.swift */ = {isa = PBXFileReference; lastKnownFileType = sourcecode.swift; path = SceneDelegate.swift; sourceTree = "<group>"; };
		710393702A4255C800F0EA12 /* HomeScreenViewController.swift */ = {isa = PBXFileReference; lastKnownFileType = sourcecode.swift; path = HomeScreenViewController.swift; sourceTree = "<group>"; };
		710393732A4255C800F0EA12 /* Base */ = {isa = PBXFileReference; lastKnownFileType = file.storyboard; name = Base; path = Base.lproj/Main.storyboard; sourceTree = "<group>"; };
		710393752A4255C900F0EA12 /* Assets.xcassets */ = {isa = PBXFileReference; lastKnownFileType = folder.assetcatalog; path = Assets.xcassets; sourceTree = "<group>"; };
		710393782A4255C900F0EA12 /* Base */ = {isa = PBXFileReference; lastKnownFileType = file.storyboard; name = Base; path = Base.lproj/LaunchScreen.storyboard; sourceTree = "<group>"; };
		7103937A2A4255C900F0EA12 /* Info.plist */ = {isa = PBXFileReference; lastKnownFileType = text.plist.xml; path = Info.plist; sourceTree = "<group>"; };
		710393A32A42782C00F0EA12 /* city.list.json */ = {isa = PBXFileReference; fileEncoding = 4; lastKnownFileType = text.json; path = city.list.json; sourceTree = "<group>"; };
		710393A62A42788500F0EA12 /* WeatherData.swift */ = {isa = PBXFileReference; lastKnownFileType = sourcecode.swift; path = WeatherData.swift; sourceTree = "<group>"; };
		710393A92A4278D900F0EA12 /* SearchEngine.swift */ = {isa = PBXFileReference; lastKnownFileType = sourcecode.swift; path = SearchEngine.swift; sourceTree = "<group>"; };
		710393AC2A42795500F0EA12 /* String+Ext.swift */ = {isa = PBXFileReference; lastKnownFileType = sourcecode.swift; path = "String+Ext.swift"; sourceTree = "<group>"; };
		710393AE2A4279D400F0EA12 /* JSONReader.swift */ = {isa = PBXFileReference; lastKnownFileType = sourcecode.swift; path = JSONReader.swift; sourceTree = "<group>"; };
		710393B02A427A0500F0EA12 /* URL+Ext.swift */ = {isa = PBXFileReference; lastKnownFileType = sourcecode.swift; path = "URL+Ext.swift"; sourceTree = "<group>"; };
		710393B32A427A6000F0EA12 /* Logger.swift */ = {isa = PBXFileReference; lastKnownFileType = sourcecode.swift; path = Logger.swift; sourceTree = "<group>"; };
		710393B52A427A9C00F0EA12 /* Date+Ext.swift */ = {isa = PBXFileReference; lastKnownFileType = sourcecode.swift; path = "Date+Ext.swift"; sourceTree = "<group>"; };
		710DE51F2A4D4F1C0044E4B5 /* WeatherDetailsView.swift */ = {isa = PBXFileReference; lastKnownFileType = sourcecode.swift; path = WeatherDetailsView.swift; sourceTree = "<group>"; };
		71105E302A4D34C900C444EC /* NavigationBar.swift */ = {isa = PBXFileReference; lastKnownFileType = sourcecode.swift; path = NavigationBar.swift; sourceTree = "<group>"; };
		712158D12A4C69C800FA47F4 /* UIView+Ext.swift */ = {isa = PBXFileReference; lastKnownFileType = sourcecode.swift; path = "UIView+Ext.swift"; sourceTree = "<group>"; };
		7121FED52A4D2BF60019E6BB /* WeatherDetailsViewController.swift */ = {isa = PBXFileReference; lastKnownFileType = sourcecode.swift; path = WeatherDetailsViewController.swift; sourceTree = "<group>"; };
		71320AC62A47CBE800A1A8E5 /* TextFieldDelegate.swift */ = {isa = PBXFileReference; lastKnownFileType = sourcecode.swift; path = TextFieldDelegate.swift; sourceTree = "<group>"; };
		71320AC92A47CDC400A1A8E5 /* CityListViewModel.swift */ = {isa = PBXFileReference; lastKnownFileType = sourcecode.swift; path = CityListViewModel.swift; sourceTree = "<group>"; };
		71320ACB2A47D07000A1A8E5 /* Array+Ext.swift */ = {isa = PBXFileReference; lastKnownFileType = sourcecode.swift; path = "Array+Ext.swift"; sourceTree = "<group>"; };
		71349FA02A4D11F100989BCA /* Button.swift */ = {isa = PBXFileReference; lastKnownFileType = sourcecode.swift; path = Button.swift; sourceTree = "<group>"; };
		714E2BF32A45DB650021F9A6 /* RecentsView.swift */ = {isa = PBXFileReference; lastKnownFileType = sourcecode.swift; path = RecentsView.swift; sourceTree = "<group>"; };
		714E2BF62A45E1BC0021F9A6 /* Colors.swift */ = {isa = PBXFileReference; lastKnownFileType = sourcecode.swift; path = Colors.swift; sourceTree = "<group>"; };
		714E2BF92A45E9B40021F9A6 /* SearchTextField.swift */ = {isa = PBXFileReference; lastKnownFileType = sourcecode.swift; path = SearchTextField.swift; sourceTree = "<group>"; };
		714E2BFB2A45FB5B0021F9A6 /* FontSizes.swift */ = {isa = PBXFileReference; lastKnownFileType = sourcecode.swift; path = FontSizes.swift; sourceTree = "<group>"; };
		714E2BFD2A45FBAC0021F9A6 /* GlobalLayout.swift */ = {isa = PBXFileReference; lastKnownFileType = sourcecode.swift; path = GlobalLayout.swift; sourceTree = "<group>"; };
		714E2C002A4601400021F9A6 /* SafeAreaInsets.swift */ = {isa = PBXFileReference; lastKnownFileType = sourcecode.swift; path = SafeAreaInsets.swift; sourceTree = "<group>"; };
		716E4F2E2A466D51000E1C63 /* SearchView.swift */ = {isa = PBXFileReference; lastKnownFileType = sourcecode.swift; path = SearchView.swift; sourceTree = "<group>"; };
		717E5B402A49164700ABFBDA /* LocalStorage.swift */ = {isa = PBXFileReference; lastKnownFileType = sourcecode.swift; path = LocalStorage.swift; sourceTree = "<group>"; };
		717E5B442A49178D00ABFBDA /* Strings.swift */ = {isa = PBXFileReference; lastKnownFileType = sourcecode.swift; path = Strings.swift; sourceTree = "<group>"; };
		718727412A43A2B100B35135 /* WeatherDemoTests.xctest */ = {isa = PBXFileReference; explicitFileType = wrapper.cfbundle; includeInIndex = 0; path = WeatherDemoTests.xctest; sourceTree = BUILT_PRODUCTS_DIR; };
		7187274A2A43A30600B35135 /* DateTests.swift */ = {isa = PBXFileReference; lastKnownFileType = sourcecode.swift; path = DateTests.swift; sourceTree = "<group>"; };
		7187274E2A43A71A00B35135 /* StringTests.swift */ = {isa = PBXFileReference; lastKnownFileType = sourcecode.swift; path = StringTests.swift; sourceTree = "<group>"; };
		718727502A43A9C200B35135 /* URLTests.swift */ = {isa = PBXFileReference; lastKnownFileType = sourcecode.swift; path = URLTests.swift; sourceTree = "<group>"; };
		718727542A43AB2D00B35135 /* JSONReaderTests.swift */ = {isa = PBXFileReference; lastKnownFileType = sourcecode.swift; path = JSONReaderTests.swift; sourceTree = "<group>"; };
		718727582A43B89A00B35135 /* SearchEngineTests.swift */ = {isa = PBXFileReference; lastKnownFileType = sourcecode.swift; path = SearchEngineTests.swift; sourceTree = "<group>"; };
		71917E402A4A6FD400435960 /* WeatherConditions.swift */ = {isa = PBXFileReference; lastKnownFileType = sourcecode.swift; path = WeatherConditions.swift; sourceTree = "<group>"; };
		71968A452A4A934700537A60 /* TimeOfDay.swift */ = {isa = PBXFileReference; lastKnownFileType = sourcecode.swift; path = TimeOfDay.swift; sourceTree = "<group>"; };
		71968A472A4AB2A400537A60 /* WeatherAPI.swift */ = {isa = PBXFileReference; lastKnownFileType = sourcecode.swift; path = WeatherAPI.swift; sourceTree = "<group>"; };
		719950042A4ABC1A0070ADD7 /* City.swift */ = {isa = PBXFileReference; lastKnownFileType = sourcecode.swift; path = City.swift; sourceTree = "<group>"; };
		719950062A4B63FC0070ADD7 /* Endpoints.swift */ = {isa = PBXFileReference; lastKnownFileType = sourcecode.swift; path = Endpoints.swift; sourceTree = "<group>"; };
		719950082A4B65F90070ADD7 /* URLSession+Ext.swift */ = {isa = PBXFileReference; lastKnownFileType = sourcecode.swift; path = "URLSession+Ext.swift"; sourceTree = "<group>"; };
		719950102A4BA1E10070ADD7 /* TimeOfDayTests.swift */ = {isa = PBXFileReference; lastKnownFileType = sourcecode.swift; path = TimeOfDayTests.swift; sourceTree = "<group>"; };
		719CBFFC2A4D547F002E383E /* WeatherDetailsViewModel.swift */ = {isa = PBXFileReference; lastKnownFileType = sourcecode.swift; path = WeatherDetailsViewModel.swift; sourceTree = "<group>"; };
		71DA20C62A4BA7870057DD64 /* WeatherConditionsTests.swift */ = {isa = PBXFileReference; lastKnownFileType = sourcecode.swift; path = WeatherConditionsTests.swift; sourceTree = "<group>"; };
		71DA20CC2A4BAE880057DD64 /* WeatherAPITests.swift */ = {isa = PBXFileReference; lastKnownFileType = sourcecode.swift; path = WeatherAPITests.swift; sourceTree = "<group>"; };
		71DA20CF2A4BC9730057DD64 /* LocalStorageTests.swift */ = {isa = PBXFileReference; lastKnownFileType = sourcecode.swift; path = LocalStorageTests.swift; sourceTree = "<group>"; };
		71DAC9A22A4A3B8F0019EFDF /* CityViewModel.swift */ = {isa = PBXFileReference; lastKnownFileType = sourcecode.swift; path = CityViewModel.swift; sourceTree = "<group>"; };
		71E69D3A2A4E504700EF09D7 /* TemperatureViewModel.swift */ = {isa = PBXFileReference; lastKnownFileType = sourcecode.swift; path = TemperatureViewModel.swift; sourceTree = "<group>"; };
		71EBABB82A4C8C290055D088 /* ErrorView.swift */ = {isa = PBXFileReference; lastKnownFileType = sourcecode.swift; path = ErrorView.swift; sourceTree = "<group>"; };
		71F482212A4F38AA00F096F3 /* CancelButton.swift */ = {isa = PBXFileReference; lastKnownFileType = sourcecode.swift; path = CancelButton.swift; sourceTree = "<group>"; };
		71F482232A4F5C6000F096F3 /* UIActivityIndicatorViewStyle+Ext.swift */ = {isa = PBXFileReference; lastKnownFileType = sourcecode.swift; path = "UIActivityIndicatorViewStyle+Ext.swift"; sourceTree = "<group>"; };
		BA82FF22F854A521919C6702 /* Pods_WeatherDemo.framework */ = {isa = PBXFileReference; explicitFileType = wrapper.framework; includeInIndex = 0; path = Pods_WeatherDemo.framework; sourceTree = BUILT_PRODUCTS_DIR; };
		CD8BE64024F46B808A9B9929 /* Pods-WeatherDemo.release.xcconfig */ = {isa = PBXFileReference; includeInIndex = 1; lastKnownFileType = text.xcconfig; name = "Pods-WeatherDemo.release.xcconfig"; path = "Target Support Files/Pods-WeatherDemo/Pods-WeatherDemo.release.xcconfig"; sourceTree = "<group>"; };
		ED019499E442E75097B39682 /* Pods-WeatherDemo.debug.xcconfig */ = {isa = PBXFileReference; includeInIndex = 1; lastKnownFileType = text.xcconfig; name = "Pods-WeatherDemo.debug.xcconfig"; path = "Target Support Files/Pods-WeatherDemo/Pods-WeatherDemo.debug.xcconfig"; sourceTree = "<group>"; };
/* End PBXFileReference section */

/* Begin PBXFrameworksBuildPhase section */
		710393662A4255C800F0EA12 /* Frameworks */ = {
			isa = PBXFrameworksBuildPhase;
			buildActionMask = 2147483647;
			files = (
				AC1B7C62988A8208376046BE /* Pods_WeatherDemo.framework in Frameworks */,
			);
			runOnlyForDeploymentPostprocessing = 0;
		};
		7187273E2A43A2B100B35135 /* Frameworks */ = {
			isa = PBXFrameworksBuildPhase;
			buildActionMask = 2147483647;
			files = (
			);
			runOnlyForDeploymentPostprocessing = 0;
		};
/* End PBXFrameworksBuildPhase section */

/* Begin PBXGroup section */
		1466BC3F6BC92B1DD6A84261 /* Pods */ = {
			isa = PBXGroup;
			children = (
				ED019499E442E75097B39682 /* Pods-WeatherDemo.debug.xcconfig */,
				CD8BE64024F46B808A9B9929 /* Pods-WeatherDemo.release.xcconfig */,
			);
			path = Pods;
			sourceTree = "<group>";
		};
		710393602A4255C800F0EA12 = {
			isa = PBXGroup;
			children = (
				710393A22A42782C00F0EA12 /* Data */,
				74FE84085A63E2E8A34D98F8 /* Frameworks */,
				1466BC3F6BC92B1DD6A84261 /* Pods */,
				7103936A2A4255C800F0EA12 /* Products */,
				7103936B2A4255C800F0EA12 /* WeatherDemo */,
				718727422A43A2B100B35135 /* WeatherDemoTests */,
			);
			sourceTree = "<group>";
		};
		7103936A2A4255C800F0EA12 /* Products */ = {
			isa = PBXGroup;
			children = (
				710393692A4255C800F0EA12 /* WeatherDemo.app */,
				718727412A43A2B100B35135 /* WeatherDemoTests.xctest */,
			);
			name = Products;
			sourceTree = "<group>";
		};
		7103936B2A4255C800F0EA12 /* WeatherDemo */ = {
			isa = PBXGroup;
			children = (
				7103937A2A4255C900F0EA12 /* Info.plist */,
				7103936C2A4255C800F0EA12 /* AppDelegate.swift */,
				7103936E2A4255C800F0EA12 /* SceneDelegate.swift */,
				710393752A4255C900F0EA12 /* Assets.xcassets */,
				71917E3F2A4A6F6C00435960 /* Enums */,
				710393AB2A42793B00F0EA12 /* Extensions */,
				710393772A4255C900F0EA12 /* LaunchScreen.storyboard */,
				710393722A4255C800F0EA12 /* Main.storyboard */,
				710393A52A42786900F0EA12 /* Models */,
				71320AC52A47CBBA00A1A8E5 /* Protocols */,
				710393A82A4278B800F0EA12 /* Services */,
				717E5B462A4918BE00ABFBDA /* Storage */,
				710393B22A427A4F00F0EA12 /* Utils */,
				714E2BF82A45E9740021F9A6 /* ViewComponents */,
				714E2BF22A45DAB70021F9A6 /* ViewControllers */,
				71320AC82A47CD9200A1A8E5 /* ViewModels */,
				714E2BF52A45DB6E0021F9A6 /* Views */,
			);
			path = WeatherDemo;
			sourceTree = "<group>";
		};
		710393A22A42782C00F0EA12 /* Data */ = {
			isa = PBXGroup;
			children = (
				710393A32A42782C00F0EA12 /* city.list.json */,
			);
			path = Data;
			sourceTree = "<group>";
		};
		710393A52A42786900F0EA12 /* Models */ = {
			isa = PBXGroup;
			children = (
				719950042A4ABC1A0070ADD7 /* City.swift */,
				710393A62A42788500F0EA12 /* WeatherData.swift */,
			);
			path = Models;
			sourceTree = "<group>";
		};
		710393A82A4278B800F0EA12 /* Services */ = {
			isa = PBXGroup;
			children = (
				710393AE2A4279D400F0EA12 /* JSONReader.swift */,
				710393A92A4278D900F0EA12 /* SearchEngine.swift */,
				71968A472A4AB2A400537A60 /* WeatherAPI.swift */,
			);
			path = Services;
			sourceTree = "<group>";
		};
		710393AB2A42793B00F0EA12 /* Extensions */ = {
			isa = PBXGroup;
			children = (
				71320ACB2A47D07000A1A8E5 /* Array+Ext.swift */,
				710393B52A427A9C00F0EA12 /* Date+Ext.swift */,
				710393AC2A42795500F0EA12 /* String+Ext.swift */,
				71F482232A4F5C6000F096F3 /* UIActivityIndicatorViewStyle+Ext.swift */,
				712158D12A4C69C800FA47F4 /* UIView+Ext.swift */,
				710393B02A427A0500F0EA12 /* URL+Ext.swift */,
				719950082A4B65F90070ADD7 /* URLSession+Ext.swift */,
			);
			path = Extensions;
			sourceTree = "<group>";
		};
		710393B22A427A4F00F0EA12 /* Utils */ = {
			isa = PBXGroup;
			children = (
				714E2C022A4603EC0021F9A6 /* Constants */,
				710393B32A427A6000F0EA12 /* Logger.swift */,
			);
			path = Utils;
			sourceTree = "<group>";
		};
		71320AC52A47CBBA00A1A8E5 /* Protocols */ = {
			isa = PBXGroup;
			children = (
				71320AC62A47CBE800A1A8E5 /* TextFieldDelegate.swift */,
			);
			path = Protocols;
			sourceTree = "<group>";
		};
		71320AC82A47CD9200A1A8E5 /* ViewModels */ = {
			isa = PBXGroup;
			children = (
				71320AC92A47CDC400A1A8E5 /* CityListViewModel.swift */,
				71DAC9A22A4A3B8F0019EFDF /* CityViewModel.swift */,
				71E69D3A2A4E504700EF09D7 /* TemperatureViewModel.swift */,
				719CBFFC2A4D547F002E383E /* WeatherDetailsViewModel.swift */,
			);
			path = ViewModels;
			sourceTree = "<group>";
		};
		714E2BF22A45DAB70021F9A6 /* ViewControllers */ = {
			isa = PBXGroup;
			children = (
				710393702A4255C800F0EA12 /* HomeScreenViewController.swift */,
				7121FED52A4D2BF60019E6BB /* WeatherDetailsViewController.swift */,
			);
			path = ViewControllers;
			sourceTree = "<group>";
		};
		714E2BF52A45DB6E0021F9A6 /* Views */ = {
			isa = PBXGroup;
			children = (
				71EBABB82A4C8C290055D088 /* ErrorView.swift */,
				714E2BF32A45DB650021F9A6 /* RecentsView.swift */,
				716E4F2E2A466D51000E1C63 /* SearchView.swift */,
				710DE51F2A4D4F1C0044E4B5 /* WeatherDetailsView.swift */,
			);
			path = Views;
			sourceTree = "<group>";
		};
		714E2BF82A45E9740021F9A6 /* ViewComponents */ = {
			isa = PBXGroup;
			children = (
				71349FA02A4D11F100989BCA /* Button.swift */,
				71F482212A4F38AA00F096F3 /* CancelButton.swift */,
				71105E302A4D34C900C444EC /* NavigationBar.swift */,
				714E2BF92A45E9B40021F9A6 /* SearchTextField.swift */,
			);
			path = ViewComponents;
			sourceTree = "<group>";
		};
		714E2C022A4603EC0021F9A6 /* Constants */ = {
			isa = PBXGroup;
			children = (
				714E2BF62A45E1BC0021F9A6 /* Colors.swift */,
				719950062A4B63FC0070ADD7 /* Endpoints.swift */,
				714E2BFB2A45FB5B0021F9A6 /* FontSizes.swift */,
				714E2BFD2A45FBAC0021F9A6 /* GlobalLayout.swift */,
				714E2C002A4601400021F9A6 /* SafeAreaInsets.swift */,
				717E5B442A49178D00ABFBDA /* Strings.swift */,
			);
			path = Constants;
			sourceTree = "<group>";
		};
		717E5B462A4918BE00ABFBDA /* Storage */ = {
			isa = PBXGroup;
			children = (
				717E5B402A49164700ABFBDA /* LocalStorage.swift */,
			);
			path = Storage;
			sourceTree = "<group>";
		};
		718727422A43A2B100B35135 /* WeatherDemoTests */ = {
			isa = PBXGroup;
			children = (
				719950122A4BA1E70070ADD7 /* EnumTests */,
				718727522A43AADF00B35135 /* ExtensionTests */,
				718727532A43AAF300B35135 /* ServiceTests */,
				71DA20CE2A4BC95F0057DD64 /* StorageTests */,
			);
			path = WeatherDemoTests;
			sourceTree = "<group>";
		};
		718727522A43AADF00B35135 /* ExtensionTests */ = {
			isa = PBXGroup;
			children = (
				7187274A2A43A30600B35135 /* DateTests.swift */,
				7187274E2A43A71A00B35135 /* StringTests.swift */,
				718727502A43A9C200B35135 /* URLTests.swift */,
			);
			path = ExtensionTests;
			sourceTree = "<group>";
		};
		718727532A43AAF300B35135 /* ServiceTests */ = {
			isa = PBXGroup;
			children = (
				718727542A43AB2D00B35135 /* JSONReaderTests.swift */,
				718727582A43B89A00B35135 /* SearchEngineTests.swift */,
				71DA20CC2A4BAE880057DD64 /* WeatherAPITests.swift */,
			);
			path = ServiceTests;
			sourceTree = "<group>";
		};
		71917E3F2A4A6F6C00435960 /* Enums */ = {
			isa = PBXGroup;
			children = (
				71968A452A4A934700537A60 /* TimeOfDay.swift */,
				71917E402A4A6FD400435960 /* WeatherConditions.swift */,
			);
			path = Enums;
			sourceTree = "<group>";
		};
		719950122A4BA1E70070ADD7 /* EnumTests */ = {
			isa = PBXGroup;
			children = (
				719950102A4BA1E10070ADD7 /* TimeOfDayTests.swift */,
				71DA20C62A4BA7870057DD64 /* WeatherConditionsTests.swift */,
			);
			path = EnumTests;
			sourceTree = "<group>";
		};
		71DA20CE2A4BC95F0057DD64 /* StorageTests */ = {
			isa = PBXGroup;
			children = (
				71DA20CF2A4BC9730057DD64 /* LocalStorageTests.swift */,
			);
			path = StorageTests;
			sourceTree = "<group>";
		};
		74FE84085A63E2E8A34D98F8 /* Frameworks */ = {
			isa = PBXGroup;
			children = (
				BA82FF22F854A521919C6702 /* Pods_WeatherDemo.framework */,
			);
			name = Frameworks;
			sourceTree = "<group>";
		};
/* End PBXGroup section */

/* Begin PBXNativeTarget section */
		710393682A4255C800F0EA12 /* WeatherDemo */ = {
			isa = PBXNativeTarget;
			buildConfigurationList = 710393932A4255CA00F0EA12 /* Build configuration list for PBXNativeTarget "WeatherDemo" */;
			buildPhases = (
				AD75BDE852878E5DD029C0B8 /* [CP] Check Pods Manifest.lock */,
				710393652A4255C800F0EA12 /* Sources */,
				710393662A4255C800F0EA12 /* Frameworks */,
				710393672A4255C800F0EA12 /* Resources */,
				A597F75BF6F1F9F6D3B69EAE /* [CP] Embed Pods Frameworks */,
			);
			buildRules = (
			);
			dependencies = (
			);
			name = WeatherDemo;
			productName = WeatherDemo;
			productReference = 710393692A4255C800F0EA12 /* WeatherDemo.app */;
			productType = "com.apple.product-type.application";
		};
		718727402A43A2B100B35135 /* WeatherDemoTests */ = {
			isa = PBXNativeTarget;
			buildConfigurationList = 718727492A43A2B100B35135 /* Build configuration list for PBXNativeTarget "WeatherDemoTests" */;
			buildPhases = (
				7187273D2A43A2B100B35135 /* Sources */,
				7187273E2A43A2B100B35135 /* Frameworks */,
				7187273F2A43A2B100B35135 /* Resources */,
			);
			buildRules = (
			);
			dependencies = (
				718727462A43A2B100B35135 /* PBXTargetDependency */,
			);
			name = WeatherDemoTests;
			productName = WeatherDemoTests;
			productReference = 718727412A43A2B100B35135 /* WeatherDemoTests.xctest */;
			productType = "com.apple.product-type.bundle.unit-test";
		};
/* End PBXNativeTarget section */

/* Begin PBXProject section */
		710393612A4255C800F0EA12 /* Project object */ = {
			isa = PBXProject;
			attributes = {
				BuildIndependentTargetsInParallel = 1;
				LastSwiftUpdateCheck = 1430;
				LastUpgradeCheck = 1430;
				TargetAttributes = {
					710393682A4255C800F0EA12 = {
						CreatedOnToolsVersion = 14.3.1;
					};
					718727402A43A2B100B35135 = {
						CreatedOnToolsVersion = 14.3.1;
						LastSwiftMigration = 1430;
						TestTargetID = 710393682A4255C800F0EA12;
					};
				};
			};
			buildConfigurationList = 710393642A4255C800F0EA12 /* Build configuration list for PBXProject "WeatherDemo" */;
			compatibilityVersion = "Xcode 14.0";
			developmentRegion = en;
			hasScannedForEncodings = 0;
			knownRegions = (
				en,
				Base,
			);
			mainGroup = 710393602A4255C800F0EA12;
			productRefGroup = 7103936A2A4255C800F0EA12 /* Products */;
			projectDirPath = "";
			projectRoot = "";
			targets = (
				710393682A4255C800F0EA12 /* WeatherDemo */,
				718727402A43A2B100B35135 /* WeatherDemoTests */,
			);
		};
/* End PBXProject section */

/* Begin PBXResourcesBuildPhase section */
		710393672A4255C800F0EA12 /* Resources */ = {
			isa = PBXResourcesBuildPhase;
			buildActionMask = 2147483647;
			files = (
				710393792A4255C900F0EA12 /* LaunchScreen.storyboard in Resources */,
				710393A42A42782C00F0EA12 /* city.list.json in Resources */,
				710393762A4255C900F0EA12 /* Assets.xcassets in Resources */,
				710393742A4255C800F0EA12 /* Main.storyboard in Resources */,
			);
			runOnlyForDeploymentPostprocessing = 0;
		};
		7187273F2A43A2B100B35135 /* Resources */ = {
			isa = PBXResourcesBuildPhase;
			buildActionMask = 2147483647;
			files = (
			);
			runOnlyForDeploymentPostprocessing = 0;
		};
/* End PBXResourcesBuildPhase section */

/* Begin PBXShellScriptBuildPhase section */
		A597F75BF6F1F9F6D3B69EAE /* [CP] Embed Pods Frameworks */ = {
			isa = PBXShellScriptBuildPhase;
			buildActionMask = 2147483647;
			files = (
			);
			inputFileListPaths = (
				"${PODS_ROOT}/Target Support Files/Pods-WeatherDemo/Pods-WeatherDemo-frameworks-${CONFIGURATION}-input-files.xcfilelist",
			);
			name = "[CP] Embed Pods Frameworks";
			outputFileListPaths = (
				"${PODS_ROOT}/Target Support Files/Pods-WeatherDemo/Pods-WeatherDemo-frameworks-${CONFIGURATION}-output-files.xcfilelist",
			);
			runOnlyForDeploymentPostprocessing = 0;
			shellPath = /bin/sh;
			shellScript = "\"${PODS_ROOT}/Target Support Files/Pods-WeatherDemo/Pods-WeatherDemo-frameworks.sh\"\n";
			showEnvVarsInLog = 0;
		};
		AD75BDE852878E5DD029C0B8 /* [CP] Check Pods Manifest.lock */ = {
			isa = PBXShellScriptBuildPhase;
			buildActionMask = 2147483647;
			files = (
			);
			inputFileListPaths = (
			);
			inputPaths = (
				"${PODS_PODFILE_DIR_PATH}/Podfile.lock",
				"${PODS_ROOT}/Manifest.lock",
			);
			name = "[CP] Check Pods Manifest.lock";
			outputFileListPaths = (
			);
			outputPaths = (
				"$(DERIVED_FILE_DIR)/Pods-WeatherDemo-checkManifestLockResult.txt",
			);
			runOnlyForDeploymentPostprocessing = 0;
			shellPath = /bin/sh;
			shellScript = "diff \"${PODS_PODFILE_DIR_PATH}/Podfile.lock\" \"${PODS_ROOT}/Manifest.lock\" > /dev/null\nif [ $? != 0 ] ; then\n    # print error to STDERR\n    echo \"error: The sandbox is not in sync with the Podfile.lock. Run 'pod install' or update your CocoaPods installation.\" >&2\n    exit 1\nfi\n# This output is used by Xcode 'outputs' to avoid re-running this script phase.\necho \"SUCCESS\" > \"${SCRIPT_OUTPUT_FILE_0}\"\n";
			showEnvVarsInLog = 0;
		};
/* End PBXShellScriptBuildPhase section */

/* Begin PBXSourcesBuildPhase section */
		710393652A4255C800F0EA12 /* Sources */ = {
			isa = PBXSourcesBuildPhase;
			buildActionMask = 2147483647;
			files = (
				71320ACC2A47D07000A1A8E5 /* Array+Ext.swift in Sources */,
				712158D22A4C69C800FA47F4 /* UIView+Ext.swift in Sources */,
				71DAC9A32A4A3B8F0019EFDF /* CityViewModel.swift in Sources */,
				719950052A4ABC1A0070ADD7 /* City.swift in Sources */,
				719950072A4B63FC0070ADD7 /* Endpoints.swift in Sources */,
				710393AD2A42795500F0EA12 /* String+Ext.swift in Sources */,
				71320AC72A47CBE800A1A8E5 /* TextFieldDelegate.swift in Sources */,
				710DE5202A4D4F1C0044E4B5 /* WeatherDetailsView.swift in Sources */,
				710393AA2A4278D900F0EA12 /* SearchEngine.swift in Sources */,
				71917E412A4A6FD400435960 /* WeatherConditions.swift in Sources */,
				7121FED62A4D2BF60019E6BB /* WeatherDetailsViewController.swift in Sources */,
				714E2BFA2A45E9B40021F9A6 /* SearchTextField.swift in Sources */,
				717E5B452A49178D00ABFBDA /* Strings.swift in Sources */,
				71968A482A4AB2A400537A60 /* WeatherAPI.swift in Sources */,
				710393712A4255C800F0EA12 /* HomeScreenViewController.swift in Sources */,
				7103936D2A4255C800F0EA12 /* AppDelegate.swift in Sources */,
				71F482222A4F38AA00F096F3 /* CancelButton.swift in Sources */,
				71EBABB92A4C8C290055D088 /* ErrorView.swift in Sources */,
				719950092A4B65F90070ADD7 /* URLSession+Ext.swift in Sources */,
				71320ACA2A47CDC400A1A8E5 /* CityListViewModel.swift in Sources */,
				710393B42A427A6000F0EA12 /* Logger.swift in Sources */,
				71F482242A4F5C6000F096F3 /* UIActivityIndicatorViewStyle+Ext.swift in Sources */,
				71968A462A4A934700537A60 /* TimeOfDay.swift in Sources */,
				714E2BFC2A45FB5B0021F9A6 /* FontSizes.swift in Sources */,
				719CBFFD2A4D547F002E383E /* WeatherDetailsViewModel.swift in Sources */,
				717E5B412A49164700ABFBDA /* LocalStorage.swift in Sources */,
				71E69D3B2A4E504700EF09D7 /* TemperatureViewModel.swift in Sources */,
				710393AF2A4279D400F0EA12 /* JSONReader.swift in Sources */,
				71349FA12A4D11F100989BCA /* Button.swift in Sources */,
				71105E312A4D34C900C444EC /* NavigationBar.swift in Sources */,
				714E2BF42A45DB650021F9A6 /* RecentsView.swift in Sources */,
				716E4F2F2A466D51000E1C63 /* SearchView.swift in Sources */,
				714E2C012A4601400021F9A6 /* SafeAreaInsets.swift in Sources */,
				714E2BF72A45E1BC0021F9A6 /* Colors.swift in Sources */,
				7103936F2A4255C800F0EA12 /* SceneDelegate.swift in Sources */,
				714E2BFE2A45FBAC0021F9A6 /* GlobalLayout.swift in Sources */,
				710393A72A42788500F0EA12 /* WeatherData.swift in Sources */,
				710393B12A427A0500F0EA12 /* URL+Ext.swift in Sources */,
				710393B62A427A9C00F0EA12 /* Date+Ext.swift in Sources */,
			);
			runOnlyForDeploymentPostprocessing = 0;
		};
		7187273D2A43A2B100B35135 /* Sources */ = {
			isa = PBXSourcesBuildPhase;
			buildActionMask = 2147483647;
			files = (
				718727592A43B89A00B35135 /* SearchEngineTests.swift in Sources */,
				718727552A43AB2D00B35135 /* JSONReaderTests.swift in Sources */,
				7187274F2A43A71A00B35135 /* StringTests.swift in Sources */,
				718727512A43A9C200B35135 /* URLTests.swift in Sources */,
				71DA20C72A4BA7870057DD64 /* WeatherConditionsTests.swift in Sources */,
				71DA20D02A4BC9730057DD64 /* LocalStorageTests.swift in Sources */,
				71DA20CD2A4BAE880057DD64 /* WeatherAPITests.swift in Sources */,
				719950112A4BA1E10070ADD7 /* TimeOfDayTests.swift in Sources */,
				7187274B2A43A30600B35135 /* DateTests.swift in Sources */,
			);
			runOnlyForDeploymentPostprocessing = 0;
		};
/* End PBXSourcesBuildPhase section */

/* Begin PBXTargetDependency section */
		718727462A43A2B100B35135 /* PBXTargetDependency */ = {
			isa = PBXTargetDependency;
			target = 710393682A4255C800F0EA12 /* WeatherDemo */;
			targetProxy = 718727452A43A2B100B35135 /* PBXContainerItemProxy */;
		};
/* End PBXTargetDependency section */

/* Begin PBXVariantGroup section */
		710393722A4255C800F0EA12 /* Main.storyboard */ = {
			isa = PBXVariantGroup;
			children = (
				710393732A4255C800F0EA12 /* Base */,
			);
			name = Main.storyboard;
			sourceTree = "<group>";
		};
		710393772A4255C900F0EA12 /* LaunchScreen.storyboard */ = {
			isa = PBXVariantGroup;
			children = (
				710393782A4255C900F0EA12 /* Base */,
			);
			name = LaunchScreen.storyboard;
			sourceTree = "<group>";
		};
/* End PBXVariantGroup section */

/* Begin XCBuildConfiguration section */
		710393912A4255CA00F0EA12 /* Debug */ = {
			isa = XCBuildConfiguration;
			buildSettings = {
				ALWAYS_SEARCH_USER_PATHS = NO;
				CLANG_ANALYZER_NONNULL = YES;
				CLANG_ANALYZER_NUMBER_OBJECT_CONVERSION = YES_AGGRESSIVE;
				CLANG_CXX_LANGUAGE_STANDARD = "gnu++20";
				CLANG_ENABLE_MODULES = YES;
				CLANG_ENABLE_OBJC_ARC = YES;
				CLANG_ENABLE_OBJC_WEAK = YES;
				CLANG_WARN_BLOCK_CAPTURE_AUTORELEASING = YES;
				CLANG_WARN_BOOL_CONVERSION = YES;
				CLANG_WARN_COMMA = YES;
				CLANG_WARN_CONSTANT_CONVERSION = YES;
				CLANG_WARN_DEPRECATED_OBJC_IMPLEMENTATIONS = YES;
				CLANG_WARN_DIRECT_OBJC_ISA_USAGE = YES_ERROR;
				CLANG_WARN_DOCUMENTATION_COMMENTS = YES;
				CLANG_WARN_EMPTY_BODY = YES;
				CLANG_WARN_ENUM_CONVERSION = YES;
				CLANG_WARN_INFINITE_RECURSION = YES;
				CLANG_WARN_INT_CONVERSION = YES;
				CLANG_WARN_NON_LITERAL_NULL_CONVERSION = YES;
				CLANG_WARN_OBJC_IMPLICIT_RETAIN_SELF = YES;
				CLANG_WARN_OBJC_LITERAL_CONVERSION = YES;
				CLANG_WARN_OBJC_ROOT_CLASS = YES_ERROR;
				CLANG_WARN_QUOTED_INCLUDE_IN_FRAMEWORK_HEADER = YES;
				CLANG_WARN_RANGE_LOOP_ANALYSIS = YES;
				CLANG_WARN_STRICT_PROTOTYPES = YES;
				CLANG_WARN_SUSPICIOUS_MOVE = YES;
				CLANG_WARN_UNGUARDED_AVAILABILITY = YES_AGGRESSIVE;
				CLANG_WARN_UNREACHABLE_CODE = YES;
				CLANG_WARN__DUPLICATE_METHOD_MATCH = YES;
				COPY_PHASE_STRIP = NO;
				DEBUG_INFORMATION_FORMAT = dwarf;
				ENABLE_STRICT_OBJC_MSGSEND = YES;
				ENABLE_TESTABILITY = YES;
				GCC_C_LANGUAGE_STANDARD = gnu11;
				GCC_DYNAMIC_NO_PIC = NO;
				GCC_NO_COMMON_BLOCKS = YES;
				GCC_OPTIMIZATION_LEVEL = 0;
				GCC_PREPROCESSOR_DEFINITIONS = (
					"DEBUG=1",
					"$(inherited)",
				);
				GCC_WARN_64_TO_32_BIT_CONVERSION = YES;
				GCC_WARN_ABOUT_RETURN_TYPE = YES_ERROR;
				GCC_WARN_UNDECLARED_SELECTOR = YES;
				GCC_WARN_UNINITIALIZED_AUTOS = YES_AGGRESSIVE;
				GCC_WARN_UNUSED_FUNCTION = YES;
				GCC_WARN_UNUSED_VARIABLE = YES;
				IPHONEOS_DEPLOYMENT_TARGET = 11.0;
				MTL_ENABLE_DEBUG_INFO = INCLUDE_SOURCE;
				MTL_FAST_MATH = YES;
				ONLY_ACTIVE_ARCH = YES;
				SDKROOT = iphoneos;
				SWIFT_ACTIVE_COMPILATION_CONDITIONS = DEBUG;
				SWIFT_OPTIMIZATION_LEVEL = "-Onone";
			};
			name = Debug;
		};
		710393922A4255CA00F0EA12 /* Release */ = {
			isa = XCBuildConfiguration;
			buildSettings = {
				ALWAYS_SEARCH_USER_PATHS = NO;
				CLANG_ANALYZER_NONNULL = YES;
				CLANG_ANALYZER_NUMBER_OBJECT_CONVERSION = YES_AGGRESSIVE;
				CLANG_CXX_LANGUAGE_STANDARD = "gnu++20";
				CLANG_ENABLE_MODULES = YES;
				CLANG_ENABLE_OBJC_ARC = YES;
				CLANG_ENABLE_OBJC_WEAK = YES;
				CLANG_WARN_BLOCK_CAPTURE_AUTORELEASING = YES;
				CLANG_WARN_BOOL_CONVERSION = YES;
				CLANG_WARN_COMMA = YES;
				CLANG_WARN_CONSTANT_CONVERSION = YES;
				CLANG_WARN_DEPRECATED_OBJC_IMPLEMENTATIONS = YES;
				CLANG_WARN_DIRECT_OBJC_ISA_USAGE = YES_ERROR;
				CLANG_WARN_DOCUMENTATION_COMMENTS = YES;
				CLANG_WARN_EMPTY_BODY = YES;
				CLANG_WARN_ENUM_CONVERSION = YES;
				CLANG_WARN_INFINITE_RECURSION = YES;
				CLANG_WARN_INT_CONVERSION = YES;
				CLANG_WARN_NON_LITERAL_NULL_CONVERSION = YES;
				CLANG_WARN_OBJC_IMPLICIT_RETAIN_SELF = YES;
				CLANG_WARN_OBJC_LITERAL_CONVERSION = YES;
				CLANG_WARN_OBJC_ROOT_CLASS = YES_ERROR;
				CLANG_WARN_QUOTED_INCLUDE_IN_FRAMEWORK_HEADER = YES;
				CLANG_WARN_RANGE_LOOP_ANALYSIS = YES;
				CLANG_WARN_STRICT_PROTOTYPES = YES;
				CLANG_WARN_SUSPICIOUS_MOVE = YES;
				CLANG_WARN_UNGUARDED_AVAILABILITY = YES_AGGRESSIVE;
				CLANG_WARN_UNREACHABLE_CODE = YES;
				CLANG_WARN__DUPLICATE_METHOD_MATCH = YES;
				COPY_PHASE_STRIP = NO;
				DEBUG_INFORMATION_FORMAT = "dwarf-with-dsym";
				ENABLE_NS_ASSERTIONS = NO;
				ENABLE_STRICT_OBJC_MSGSEND = YES;
				GCC_C_LANGUAGE_STANDARD = gnu11;
				GCC_NO_COMMON_BLOCKS = YES;
				GCC_WARN_64_TO_32_BIT_CONVERSION = YES;
				GCC_WARN_ABOUT_RETURN_TYPE = YES_ERROR;
				GCC_WARN_UNDECLARED_SELECTOR = YES;
				GCC_WARN_UNINITIALIZED_AUTOS = YES_AGGRESSIVE;
				GCC_WARN_UNUSED_FUNCTION = YES;
				GCC_WARN_UNUSED_VARIABLE = YES;
				IPHONEOS_DEPLOYMENT_TARGET = 11.0;
				MTL_ENABLE_DEBUG_INFO = NO;
				MTL_FAST_MATH = YES;
				SDKROOT = iphoneos;
				SWIFT_COMPILATION_MODE = wholemodule;
				SWIFT_OPTIMIZATION_LEVEL = "-O";
				VALIDATE_PRODUCT = YES;
			};
			name = Release;
		};
		710393942A4255CA00F0EA12 /* Debug */ = {
			isa = XCBuildConfiguration;
			baseConfigurationReference = ED019499E442E75097B39682 /* Pods-WeatherDemo.debug.xcconfig */;
			buildSettings = {
				ASSETCATALOG_COMPILER_APPICON_NAME = AppIcon;
				ASSETCATALOG_COMPILER_GLOBAL_ACCENT_COLOR_NAME = AccentColor;
				CODE_SIGN_STYLE = Automatic;
				CURRENT_PROJECT_VERSION = 1;
				DEVELOPMENT_TEAM = K5LY5J9SVU;
				GENERATE_INFOPLIST_FILE = YES;
				INFOPLIST_FILE = WeatherDemo/Info.plist;
				INFOPLIST_KEY_UIApplicationSupportsIndirectInputEvents = YES;
				INFOPLIST_KEY_UILaunchStoryboardName = LaunchScreen;
				INFOPLIST_KEY_UIMainStoryboardFile = Main;
				INFOPLIST_KEY_UISupportedInterfaceOrientations_iPad = "UIInterfaceOrientationPortrait UIInterfaceOrientationPortraitUpsideDown UIInterfaceOrientationLandscapeLeft UIInterfaceOrientationLandscapeRight";
				INFOPLIST_KEY_UISupportedInterfaceOrientations_iPhone = "UIInterfaceOrientationPortrait UIInterfaceOrientationLandscapeLeft UIInterfaceOrientationLandscapeRight";
				LD_RUNPATH_SEARCH_PATHS = (
					"$(inherited)",
					"@executable_path/Frameworks",
				);
				MARKETING_VERSION = 1.0;
				PRODUCT_BUNDLE_IDENTIFIER = com.konradrybicki.WeatherDemo;
				PRODUCT_NAME = "$(TARGET_NAME)";
				SWIFT_EMIT_LOC_STRINGS = YES;
				SWIFT_VERSION = 5.0;
				TARGETED_DEVICE_FAMILY = "1,2";
			};
			name = Debug;
		};
		710393952A4255CA00F0EA12 /* Release */ = {
			isa = XCBuildConfiguration;
			baseConfigurationReference = CD8BE64024F46B808A9B9929 /* Pods-WeatherDemo.release.xcconfig */;
			buildSettings = {
				ASSETCATALOG_COMPILER_APPICON_NAME = AppIcon;
				ASSETCATALOG_COMPILER_GLOBAL_ACCENT_COLOR_NAME = AccentColor;
				CODE_SIGN_STYLE = Automatic;
				CURRENT_PROJECT_VERSION = 1;
				DEVELOPMENT_TEAM = K5LY5J9SVU;
				GENERATE_INFOPLIST_FILE = YES;
				INFOPLIST_FILE = WeatherDemo/Info.plist;
				INFOPLIST_KEY_UIApplicationSupportsIndirectInputEvents = YES;
				INFOPLIST_KEY_UILaunchStoryboardName = LaunchScreen;
				INFOPLIST_KEY_UIMainStoryboardFile = Main;
				INFOPLIST_KEY_UISupportedInterfaceOrientations_iPad = "UIInterfaceOrientationPortrait UIInterfaceOrientationPortraitUpsideDown UIInterfaceOrientationLandscapeLeft UIInterfaceOrientationLandscapeRight";
				INFOPLIST_KEY_UISupportedInterfaceOrientations_iPhone = "UIInterfaceOrientationPortrait UIInterfaceOrientationLandscapeLeft UIInterfaceOrientationLandscapeRight";
				LD_RUNPATH_SEARCH_PATHS = (
					"$(inherited)",
					"@executable_path/Frameworks",
				);
				MARKETING_VERSION = 1.0;
				PRODUCT_BUNDLE_IDENTIFIER = com.konradrybicki.WeatherDemo;
				PRODUCT_NAME = "$(TARGET_NAME)";
				SWIFT_EMIT_LOC_STRINGS = YES;
				SWIFT_VERSION = 5.0;
				TARGETED_DEVICE_FAMILY = "1,2";
			};
			name = Release;
		};
		718727472A43A2B100B35135 /* Debug */ = {
			isa = XCBuildConfiguration;
			buildSettings = {
				BUNDLE_LOADER = "$(TEST_HOST)";
				CLANG_ENABLE_MODULES = YES;
				CODE_SIGN_STYLE = Automatic;
				CURRENT_PROJECT_VERSION = 1;
				DEVELOPMENT_TEAM = K5LY5J9SVU;
				GENERATE_INFOPLIST_FILE = YES;
				IPHONEOS_DEPLOYMENT_TARGET = 11.0;
				MARKETING_VERSION = 1.0;
				PRODUCT_BUNDLE_IDENTIFIER = com.konradrybicki.WeatherDemoTests;
				PRODUCT_NAME = "$(TARGET_NAME)";
				SWIFT_EMIT_LOC_STRINGS = NO;
				SWIFT_OPTIMIZATION_LEVEL = "-Onone";
				SWIFT_VERSION = 5.0;
				TARGETED_DEVICE_FAMILY = "1,2";
				TEST_HOST = "$(BUILT_PRODUCTS_DIR)/WeatherDemo.app/$(BUNDLE_EXECUTABLE_FOLDER_PATH)/WeatherDemo";
			};
			name = Debug;
		};
		718727482A43A2B100B35135 /* Release */ = {
			isa = XCBuildConfiguration;
			buildSettings = {
				BUNDLE_LOADER = "$(TEST_HOST)";
				CLANG_ENABLE_MODULES = YES;
				CODE_SIGN_STYLE = Automatic;
				CURRENT_PROJECT_VERSION = 1;
				DEVELOPMENT_TEAM = K5LY5J9SVU;
				GENERATE_INFOPLIST_FILE = YES;
				IPHONEOS_DEPLOYMENT_TARGET = 11.0;
				MARKETING_VERSION = 1.0;
				PRODUCT_BUNDLE_IDENTIFIER = com.konradrybicki.WeatherDemoTests;
				PRODUCT_NAME = "$(TARGET_NAME)";
				SWIFT_EMIT_LOC_STRINGS = NO;
				SWIFT_VERSION = 5.0;
				TARGETED_DEVICE_FAMILY = "1,2";
				TEST_HOST = "$(BUILT_PRODUCTS_DIR)/WeatherDemo.app/$(BUNDLE_EXECUTABLE_FOLDER_PATH)/WeatherDemo";
			};
			name = Release;
		};
/* End XCBuildConfiguration section */

/* Begin XCConfigurationList section */
		710393642A4255C800F0EA12 /* Build configuration list for PBXProject "WeatherDemo" */ = {
			isa = XCConfigurationList;
			buildConfigurations = (
				710393912A4255CA00F0EA12 /* Debug */,
				710393922A4255CA00F0EA12 /* Release */,
			);
			defaultConfigurationIsVisible = 0;
			defaultConfigurationName = Release;
		};
		710393932A4255CA00F0EA12 /* Build configuration list for PBXNativeTarget "WeatherDemo" */ = {
			isa = XCConfigurationList;
			buildConfigurations = (
				710393942A4255CA00F0EA12 /* Debug */,
				710393952A4255CA00F0EA12 /* Release */,
			);
			defaultConfigurationIsVisible = 0;
			defaultConfigurationName = Release;
		};
		718727492A43A2B100B35135 /* Build configuration list for PBXNativeTarget "WeatherDemoTests" */ = {
			isa = XCConfigurationList;
			buildConfigurations = (
				718727472A43A2B100B35135 /* Debug */,
				718727482A43A2B100B35135 /* Release */,
			);
			defaultConfigurationIsVisible = 0;
			defaultConfigurationName = Release;
		};
/* End XCConfigurationList section */
	};
	rootObject = 710393612A4255C800F0EA12 /* Project object */;
}
